
Microsoft Visual Studio Solution File, Format Version 12.00
# Visual Studio Version 16
VisualStudioVersion = 16.0.31613.86
MinimumVisualStudioVersion = 10.0.40219.1
Project("{FAE04EC0-301F-11D3-BF4B-00C04F79EFBC}") = "LTQL", "LTQL\LTQL.csproj", "{CF7BD5A6-A601-4C58-BB07-DC57BF90A83D}"
EndProject
Global
	GlobalSection(SolutionConfigurationPlatforms) = preSolution
		Debug|Any CPU = Debug|Any CPU
		Release|Any CPU = Release|Any CPU
	EndGlobalSection
	GlobalSection(ProjectConfigurationPlatforms) = postSolution
		{CF7BD5A6-A601-4C58-BB07-DC57BF90A83D}.Debug|Any CPU.ActiveCfg = Debug|Any CPU
		{CF7BD5A6-A601-4C58-BB07-DC57BF90A83D}.Debug|Any CPU.Build.0 = Debug|Any CPU
		{CF7BD5A6-A601-4C58-BB07-DC57BF90A83D}.Release|Any CPU.ActiveCfg = Release|Any CPU
		{CF7BD5A6-A601-4C58-BB07-DC57BF90A83D}.Release|Any CPU.Build.0 = Release|Any CPU
	EndGlobalSection
	GlobalSection(SolutionProperties) = preSolution
		HideSolutionNode = FALSE
	EndGlobalSection
	GlobalSection(ExtensibilityGlobals) = postSolution
		SolutionGuid = {DB5D1825-5F5A-4AF7-A877-8915662A620A}
	EndGlobalSection
EndGlobal
